// !$*UTF8*$!
{
	archiveVersion = 1;
	classes = {
	};
	objectVersion = 55;
	objects = {

/* Begin PBXBuildFile section */
		B015CF0B2C964A3C007ABFE4 /* semanaViewCell.swift in Sources */ = {isa = PBXBuildFile; fileRef = B015CF092C964A3C007ABFE4 /* semanaViewCell.swift */; };
		B015CF0C2C964A3C007ABFE4 /* semanaViewCell.xib in Resources */ = {isa = PBXBuildFile; fileRef = B015CF0A2C964A3C007ABFE4 /* semanaViewCell.xib */; };
		B062436A2C8FDCFF0071E125 /* ExcCollectionViewCell.swift in Sources */ = {isa = PBXBuildFile; fileRef = B06243682C8FDCFF0071E125 /* ExcCollectionViewCell.swift */; };
		B062436B2C8FDCFF0071E125 /* ExcCollectionViewCell.xib in Resources */ = {isa = PBXBuildFile; fileRef = B06243692C8FDCFF0071E125 /* ExcCollectionViewCell.xib */; };
		B06243902C94A91F0071E125 /* headerCell.swift in Sources */ = {isa = PBXBuildFile; fileRef = B062438E2C94A91F0071E125 /* headerCell.swift */; };
		B06243912C94A91F0071E125 /* headerCell.xib in Resources */ = {isa = PBXBuildFile; fileRef = B062438F2C94A91F0071E125 /* headerCell.xib */; };
		B06243942C94B9E30071E125 /* rutinaViewCell.swift in Sources */ = {isa = PBXBuildFile; fileRef = B06243922C94B9E30071E125 /* rutinaViewCell.swift */; };
		B06243952C94B9E30071E125 /* rutinaViewCell.xib in Resources */ = {isa = PBXBuildFile; fileRef = B06243932C94B9E30071E125 /* rutinaViewCell.xib */; };
		B062439C2C94C2ED0071E125 /* infoViewCell.swift in Sources */ = {isa = PBXBuildFile; fileRef = B062439A2C94C2ED0071E125 /* infoViewCell.swift */; };
		B062439D2C94C2ED0071E125 /* infoViewCell.xib in Resources */ = {isa = PBXBuildFile; fileRef = B062439B2C94C2ED0071E125 /* infoViewCell.xib */; };
		B06243A02C94DE2A0071E125 /* rutinaTableViewCell.swift in Sources */ = {isa = PBXBuildFile; fileRef = B062439E2C94DE290071E125 /* rutinaTableViewCell.swift */; };
		B06243A12C94DE2A0071E125 /* rutinaTableViewCell.xib in Resources */ = {isa = PBXBuildFile; fileRef = B062439F2C94DE290071E125 /* rutinaTableViewCell.xib */; };
		B08C46AF2C87DE5000A940F2 /* AppDelegate.swift in Sources */ = {isa = PBXBuildFile; fileRef = B08C46AE2C87DE5000A940F2 /* AppDelegate.swift */; };
		B08C46B12C87DE5000A940F2 /* SceneDelegate.swift in Sources */ = {isa = PBXBuildFile; fileRef = B08C46B02C87DE5000A940F2 /* SceneDelegate.swift */; };
		B08C46B32C87DE5000A940F2 /* ViewController.swift in Sources */ = {isa = PBXBuildFile; fileRef = B08C46B22C87DE5000A940F2 /* ViewController.swift */; };
		B08C46B62C87DE5000A940F2 /* Main.storyboard in Resources */ = {isa = PBXBuildFile; fileRef = B08C46B42C87DE5000A940F2 /* Main.storyboard */; };
		B08C46B82C87DE5900A940F2 /* Assets.xcassets in Resources */ = {isa = PBXBuildFile; fileRef = B08C46B72C87DE5900A940F2 /* Assets.xcassets */; };
		B08C46BB2C87DE5900A940F2 /* LaunchScreen.storyboard in Resources */ = {isa = PBXBuildFile; fileRef = B08C46B92C87DE5900A940F2 /* LaunchScreen.storyboard */; };
		B08C46C42C87E36000A940F2 /* MyCollectionViewCell.swift in Sources */ = {isa = PBXBuildFile; fileRef = B08C46C22C87E36000A940F2 /* MyCollectionViewCell.swift */; };
		B08C46C52C87E36000A940F2 /* MyCollectionViewCell.xib in Resources */ = {isa = PBXBuildFile; fileRef = B08C46C32C87E36000A940F2 /* MyCollectionViewCell.xib */; };
		B08C46CE2C8805FE00A940F2 /* MyWeeksViewController.swift in Sources */ = {isa = PBXBuildFile; fileRef = B08C46CC2C8805FE00A940F2 /* MyWeeksViewController.swift */; };
		B08C46D12C88095300A940F2 /* myExcViewController.swift in Sources */ = {isa = PBXBuildFile; fileRef = B08C46D02C88095300A940F2 /* myExcViewController.swift */; };
		B08ECFFC2C98AD44002A5B97 /* ejerciciosViewCell.swift in Sources */ = {isa = PBXBuildFile; fileRef = B08ECFFA2C98AD44002A5B97 /* ejerciciosViewCell.swift */; };
		B08ECFFD2C98AD44002A5B97 /* ejerciciosViewCell.xib in Resources */ = {isa = PBXBuildFile; fileRef = B08ECFFB2C98AD44002A5B97 /* ejerciciosViewCell.xib */; };
		B08ED0002C98B3B7002A5B97 /* ejercicioTableViewCell.swift in Sources */ = {isa = PBXBuildFile; fileRef = B08ECFFE2C98B3B7002A5B97 /* ejercicioTableViewCell.swift */; };
		B08ED0012C98B3B7002A5B97 /* ejercicioTableViewCell.xib in Resources */ = {isa = PBXBuildFile; fileRef = B08ECFFF2C98B3B7002A5B97 /* ejercicioTableViewCell.xib */; };
		B0E270CA2C9CAC3E00FE0A95 /* netWorkingProvider.swift in Sources */ = {isa = PBXBuildFile; fileRef = B0E270C92C9CAC3E00FE0A95 /* netWorkingProvider.swift */; };
		B0E270CD2C9CACA100FE0A95 /* Alamofire in Frameworks */ = {isa = PBXBuildFile; productRef = B0E270CC2C9CACA100FE0A95 /* Alamofire */; };
		B0E270CF2C9CACC000FE0A95 /* userData.swift in Sources */ = {isa = PBXBuildFile; fileRef = B0E270CE2C9CACC000FE0A95 /* userData.swift */; };
/* End PBXBuildFile section */

/* Begin PBXFileReference section */
		B015CF092C964A3C007ABFE4 /* semanaViewCell.swift */ = {isa = PBXFileReference; lastKnownFileType = sourcecode.swift; path = semanaViewCell.swift; sourceTree = "<group>"; };
		B015CF0A2C964A3C007ABFE4 /* semanaViewCell.xib */ = {isa = PBXFileReference; lastKnownFileType = file.xib; path = semanaViewCell.xib; sourceTree = "<group>"; };
		B06243682C8FDCFF0071E125 /* ExcCollectionViewCell.swift */ = {isa = PBXFileReference; lastKnownFileType = sourcecode.swift; path = ExcCollectionViewCell.swift; sourceTree = "<group>"; };
		B06243692C8FDCFF0071E125 /* ExcCollectionViewCell.xib */ = {isa = PBXFileReference; lastKnownFileType = file.xib; path = ExcCollectionViewCell.xib; sourceTree = "<group>"; };
		B062438E2C94A91F0071E125 /* headerCell.swift */ = {isa = PBXFileReference; lastKnownFileType = sourcecode.swift; path = headerCell.swift; sourceTree = "<group>"; };
		B062438F2C94A91F0071E125 /* headerCell.xib */ = {isa = PBXFileReference; lastKnownFileType = file.xib; path = headerCell.xib; sourceTree = "<group>"; };
		B06243922C94B9E30071E125 /* rutinaViewCell.swift */ = {isa = PBXFileReference; lastKnownFileType = sourcecode.swift; path = rutinaViewCell.swift; sourceTree = "<group>"; };
		B06243932C94B9E30071E125 /* rutinaViewCell.xib */ = {isa = PBXFileReference; lastKnownFileType = file.xib; path = rutinaViewCell.xib; sourceTree = "<group>"; };
		B062439A2C94C2ED0071E125 /* infoViewCell.swift */ = {isa = PBXFileReference; lastKnownFileType = sourcecode.swift; path = infoViewCell.swift; sourceTree = "<group>"; };
		B062439B2C94C2ED0071E125 /* infoViewCell.xib */ = {isa = PBXFileReference; lastKnownFileType = file.xib; path = infoViewCell.xib; sourceTree = "<group>"; };
		B062439E2C94DE290071E125 /* rutinaTableViewCell.swift */ = {isa = PBXFileReference; lastKnownFileType = sourcecode.swift; path = rutinaTableViewCell.swift; sourceTree = "<group>"; };
		B062439F2C94DE290071E125 /* rutinaTableViewCell.xib */ = {isa = PBXFileReference; lastKnownFileType = file.xib; path = rutinaTableViewCell.xib; sourceTree = "<group>"; };
		B08C46AB2C87DE5000A940F2 /* ColeccionView.app */ = {isa = PBXFileReference; explicitFileType = wrapper.application; includeInIndex = 0; path = ColeccionView.app; sourceTree = BUILT_PRODUCTS_DIR; };
		B08C46AE2C87DE5000A940F2 /* AppDelegate.swift */ = {isa = PBXFileReference; lastKnownFileType = sourcecode.swift; path = AppDelegate.swift; sourceTree = "<group>"; };
		B08C46B02C87DE5000A940F2 /* SceneDelegate.swift */ = {isa = PBXFileReference; lastKnownFileType = sourcecode.swift; path = SceneDelegate.swift; sourceTree = "<group>"; };
		B08C46B22C87DE5000A940F2 /* ViewController.swift */ = {isa = PBXFileReference; lastKnownFileType = sourcecode.swift; path = ViewController.swift; sourceTree = "<group>"; };
		B08C46B52C87DE5000A940F2 /* Base */ = {isa = PBXFileReference; lastKnownFileType = file.storyboard; name = Base; path = Base.lproj/Main.storyboard; sourceTree = "<group>"; };
		B08C46B72C87DE5900A940F2 /* Assets.xcassets */ = {isa = PBXFileReference; lastKnownFileType = folder.assetcatalog; path = Assets.xcassets; sourceTree = "<group>"; };
		B08C46BA2C87DE5900A940F2 /* Base */ = {isa = PBXFileReference; lastKnownFileType = file.storyboard; name = Base; path = Base.lproj/LaunchScreen.storyboard; sourceTree = "<group>"; };
		B08C46BC2C87DE5900A940F2 /* Info.plist */ = {isa = PBXFileReference; lastKnownFileType = text.plist.xml; path = Info.plist; sourceTree = "<group>"; };
		B08C46C22C87E36000A940F2 /* MyCollectionViewCell.swift */ = {isa = PBXFileReference; lastKnownFileType = sourcecode.swift; path = MyCollectionViewCell.swift; sourceTree = "<group>"; };
		B08C46C32C87E36000A940F2 /* MyCollectionViewCell.xib */ = {isa = PBXFileReference; lastKnownFileType = file.xib; path = MyCollectionViewCell.xib; sourceTree = "<group>"; };
		B08C46CC2C8805FE00A940F2 /* MyWeeksViewController.swift */ = {isa = PBXFileReference; lastKnownFileType = sourcecode.swift; path = MyWeeksViewController.swift; sourceTree = "<group>"; };
		B08C46D02C88095300A940F2 /* myExcViewController.swift */ = {isa = PBXFileReference; lastKnownFileType = sourcecode.swift; path = myExcViewController.swift; sourceTree = "<group>"; };
		B08ECFFA2C98AD44002A5B97 /* ejerciciosViewCell.swift */ = {isa = PBXFileReference; lastKnownFileType = sourcecode.swift; path = ejerciciosViewCell.swift; sourceTree = "<group>"; };
		B08ECFFB2C98AD44002A5B97 /* ejerciciosViewCell.xib */ = {isa = PBXFileReference; lastKnownFileType = file.xib; path = ejerciciosViewCell.xib; sourceTree = "<group>"; };
		B08ECFFE2C98B3B7002A5B97 /* ejercicioTableViewCell.swift */ = {isa = PBXFileReference; lastKnownFileType = sourcecode.swift; path = ejercicioTableViewCell.swift; sourceTree = "<group>"; };
		B08ECFFF2C98B3B7002A5B97 /* ejercicioTableViewCell.xib */ = {isa = PBXFileReference; lastKnownFileType = file.xib; path = ejercicioTableViewCell.xib; sourceTree = "<group>"; };
		B0E270C92C9CAC3E00FE0A95 /* netWorkingProvider.swift */ = {isa = PBXFileReference; lastKnownFileType = sourcecode.swift; path = netWorkingProvider.swift; sourceTree = "<group>"; };
		B0E270CE2C9CACC000FE0A95 /* userData.swift */ = {isa = PBXFileReference; lastKnownFileType = sourcecode.swift; path = userData.swift; sourceTree = "<group>"; };
/* End PBXFileReference section */

/* Begin PBXFrameworksBuildPhase section */
		B08C46A82C87DE5000A940F2 /* Frameworks */ = {
			isa = PBXFrameworksBuildPhase;
			buildActionMask = 2147483647;
			files = (
				B0E270CD2C9CACA100FE0A95 /* Alamofire in Frameworks */,
			);
			runOnlyForDeploymentPostprocessing = 0;
		};
/* End PBXFrameworksBuildPhase section */

/* Begin PBXGroup section */
		B08C46A22C87DE5000A940F2 = {
			isa = PBXGroup;
			children = (
				B08C46AD2C87DE5000A940F2 /* ColeccionView */,
				B08C46AC2C87DE5000A940F2 /* Products */,
			);
			sourceTree = "<group>";
		};
		B08C46AC2C87DE5000A940F2 /* Products */ = {
			isa = PBXGroup;
			children = (
				B08C46AB2C87DE5000A940F2 /* ColeccionView.app */,
			);
			name = Products;
			sourceTree = "<group>";
		};
		B08C46AD2C87DE5000A940F2 /* ColeccionView */ = {
			isa = PBXGroup;
			children = (
				B0F80C3B2C9DBB7600E8F419 /* tablesViewa */,
				B0F80C352C9DBAA200E8F419 /* collectionsViews */,
				B0F80C342C9DB96E00E8F419 /* mainViews */,
				B0E270C72C9CAC0800FE0A95 /* Network */,
				B08C46AE2C87DE5000A940F2 /* AppDelegate.swift */,
				B08C46B02C87DE5000A940F2 /* SceneDelegate.swift */,
				B08C46B42C87DE5000A940F2 /* Main.storyboard */,
				B08C46B72C87DE5900A940F2 /* Assets.xcassets */,
				B08C46B92C87DE5900A940F2 /* LaunchScreen.storyboard */,
				B08C46BC2C87DE5900A940F2 /* Info.plist */,
			);
			path = ColeccionView;
			sourceTree = "<group>";
		};
		B0E270C72C9CAC0800FE0A95 /* Network */ = {
			isa = PBXGroup;
			children = (
				B0E270C82C9CAC1600FE0A95 /* data */,
				B0E270C92C9CAC3E00FE0A95 /* netWorkingProvider.swift */,
			);
			path = Network;
			sourceTree = "<group>";
		};
		B0E270C82C9CAC1600FE0A95 /* data */ = {
			isa = PBXGroup;
			children = (
				B0E270CE2C9CACC000FE0A95 /* userData.swift */,
			);
			path = data;
			sourceTree = "<group>";
		};
		B0F80C342C9DB96E00E8F419 /* mainViews */ = {
			isa = PBXGroup;
			children = (
				B08C46B22C87DE5000A940F2 /* ViewController.swift */,
				B08C46CC2C8805FE00A940F2 /* MyWeeksViewController.swift */,
				B08C46D02C88095300A940F2 /* myExcViewController.swift */,
			);
			path = mainViews;
			sourceTree = "<group>";
		};
		B0F80C352C9DBAA200E8F419 /* collectionsViews */ = {
			isa = PBXGroup;
			children = (
				B0F80C3A2C9DBB3F00E8F419 /* personalInfoView */,
				B0F80C382C9DBAFE00E8F419 /* excersiceView */,
				B0F80C372C9DBAE800E8F419 /* headerView */,
				B0F80C362C9DBAD300E8F419 /* InfoView */,
			);
			path = collectionsViews;
			sourceTree = "<group>";
		};
		B0F80C362C9DBAD300E8F419 /* InfoView */ = {
			isa = PBXGroup;
			children = (
				B08C46C22C87E36000A940F2 /* MyCollectionViewCell.swift */,
				B08C46C32C87E36000A940F2 /* MyCollectionViewCell.xib */,
			);
			path = InfoView;
			sourceTree = "<group>";
		};
		B0F80C372C9DBAE800E8F419 /* headerView */ = {
			isa = PBXGroup;
			children = (
				B062438E2C94A91F0071E125 /* headerCell.swift */,
				B062438F2C94A91F0071E125 /* headerCell.xib */,
			);
			path = headerView;
			sourceTree = "<group>";
		};
		B0F80C382C9DBAFE00E8F419 /* excersiceView */ = {
			isa = PBXGroup;
			children = (
				B06243682C8FDCFF0071E125 /* ExcCollectionViewCell.swift */,
				B06243692C8FDCFF0071E125 /* ExcCollectionViewCell.xib */,
			);
			path = excersiceView;
			sourceTree = "<group>";
		};
		B0F80C3A2C9DBB3F00E8F419 /* personalInfoView */ = {
			isa = PBXGroup;
			children = (
				B062439B2C94C2ED0071E125 /* infoViewCell.xib */,
				B062439A2C94C2ED0071E125 /* infoViewCell.swift */,
			);
			path = personalInfoView;
			sourceTree = "<group>";
		};
		B0F80C3B2C9DBB7600E8F419 /* tablesViewa */ = {
			isa = PBXGroup;
			children = (
				B0F80C422C9DBC7D00E8F419 /* rutinaTable */,
				B0F80C3F2C9DBC1300E8F419 /* tableViewsCells */,
				B0F80C3E2C9DBBD400E8F419 /* ejercicioTable */,
				B0F80C3D2C9DBB9600E8F419 /* semanaTable */,
			);
			path = tablesViewa;
			sourceTree = "<group>";
		};
		B0F80C3D2C9DBB9600E8F419 /* semanaTable */ = {
			isa = PBXGroup;
			children = (
				B015CF0A2C964A3C007ABFE4 /* semanaViewCell.xib */,
				B015CF092C964A3C007ABFE4 /* semanaViewCell.swift */,
			);
			path = semanaTable;
			sourceTree = "<group>";
		};
		B0F80C3E2C9DBBD400E8F419 /* ejercicioTable */ = {
			isa = PBXGroup;
			children = (
				B08ECFFB2C98AD44002A5B97 /* ejerciciosViewCell.xib */,
				B08ECFFA2C98AD44002A5B97 /* ejerciciosViewCell.swift */,
			);
			path = ejercicioTable;
			sourceTree = "<group>";
		};
		B0F80C3F2C9DBC1300E8F419 /* tableViewsCells */ = {
			isa = PBXGroup;
			children = (
				B0F80C412C9DBC4800E8F419 /* ejercicioCell */,
				B0F80C402C9DBC1E00E8F419 /* rutinaCell */,
			);
			path = tableViewsCells;
			sourceTree = "<group>";
		};
		B0F80C402C9DBC1E00E8F419 /* rutinaCell */ = {
			isa = PBXGroup;
			children = (
				B062439F2C94DE290071E125 /* rutinaTableViewCell.xib */,
				B062439E2C94DE290071E125 /* rutinaTableViewCell.swift */,
			);
			path = rutinaCell;
			sourceTree = "<group>";
		};
		B0F80C412C9DBC4800E8F419 /* ejercicioCell */ = {
			isa = PBXGroup;
			children = (
				B08ECFFF2C98B3B7002A5B97 /* ejercicioTableViewCell.xib */,
				B08ECFFE2C98B3B7002A5B97 /* ejercicioTableViewCell.swift */,
			);
			path = ejercicioCell;
			sourceTree = "<group>";
		};
		B0F80C422C9DBC7D00E8F419 /* rutinaTable */ = {
			isa = PBXGroup;
			children = (
				B06243932C94B9E30071E125 /* rutinaViewCell.xib */,
				B06243922C94B9E30071E125 /* rutinaViewCell.swift */,
			);
			path = rutinaTable;
			sourceTree = "<group>";
		};
/* End PBXGroup section */

/* Begin PBXNativeTarget section */
		B08C46AA2C87DE5000A940F2 /* ColeccionView */ = {
			isa = PBXNativeTarget;
			buildConfigurationList = B08C46BF2C87DE5900A940F2 /* Build configuration list for PBXNativeTarget "ColeccionView" */;
			buildPhases = (
				B08C46A72C87DE5000A940F2 /* Sources */,
				B08C46A82C87DE5000A940F2 /* Frameworks */,
				B08C46A92C87DE5000A940F2 /* Resources */,
			);
			buildRules = (
			);
			dependencies = (
			);
			name = ColeccionView;
			packageProductDependencies = (
				B0E270CC2C9CACA100FE0A95 /* Alamofire */,
			);
			productName = ColeccionView;
			productReference = B08C46AB2C87DE5000A940F2 /* ColeccionView.app */;
			productType = "com.apple.product-type.application";
		};
/* End PBXNativeTarget section */

/* Begin PBXProject section */
		B08C46A32C87DE5000A940F2 /* Project object */ = {
			isa = PBXProject;
			attributes = {
				BuildIndependentTargetsInParallel = 1;
				LastSwiftUpdateCheck = 1340;
				LastUpgradeCheck = 1340;
				TargetAttributes = {
					B08C46AA2C87DE5000A940F2 = {
						CreatedOnToolsVersion = 13.4.1;
					};
				};
			};
			buildConfigurationList = B08C46A62C87DE5000A940F2 /* Build configuration list for PBXProject "ColeccionView" */;
			compatibilityVersion = "Xcode 13.0";
			developmentRegion = en;
			hasScannedForEncodings = 0;
			knownRegions = (
				en,
				Base,
			);
			mainGroup = B08C46A22C87DE5000A940F2;
			packageReferences = (
				B0E270CB2C9CACA100FE0A95 /* XCRemoteSwiftPackageReference "Alamofire" */,
			);
			productRefGroup = B08C46AC2C87DE5000A940F2 /* Products */;
			projectDirPath = "";
			projectRoot = "";
			targets = (
				B08C46AA2C87DE5000A940F2 /* ColeccionView */,
			);
		};
/* End PBXProject section */

/* Begin PBXResourcesBuildPhase section */
		B08C46A92C87DE5000A940F2 /* Resources */ = {
			isa = PBXResourcesBuildPhase;
			buildActionMask = 2147483647;
			files = (
				B062439D2C94C2ED0071E125 /* infoViewCell.xib in Resources */,
				B06243A12C94DE2A0071E125 /* rutinaTableViewCell.xib in Resources */,
				B06243912C94A91F0071E125 /* headerCell.xib in Resources */,
				B062436B2C8FDCFF0071E125 /* ExcCollectionViewCell.xib in Resources */,
				B08C46BB2C87DE5900A940F2 /* LaunchScreen.storyboard in Resources */,
				B08C46B82C87DE5900A940F2 /* Assets.xcassets in Resources */,
				B08C46C52C87E36000A940F2 /* MyCollectionViewCell.xib in Resources */,
				B015CF0C2C964A3C007ABFE4 /* semanaViewCell.xib in Resources */,
				B08ECFFD2C98AD44002A5B97 /* ejerciciosViewCell.xib in Resources */,
				B08C46B62C87DE5000A940F2 /* Main.storyboard in Resources */,
				B06243952C94B9E30071E125 /* rutinaViewCell.xib in Resources */,
				B08ED0012C98B3B7002A5B97 /* ejercicioTableViewCell.xib in Resources */,
			);
			runOnlyForDeploymentPostprocessing = 0;
		};
/* End PBXResourcesBuildPhase section */

/* Begin PBXSourcesBuildPhase section */
		B08C46A72C87DE5000A940F2 /* Sources */ = {
			isa = PBXSourcesBuildPhase;
			buildActionMask = 2147483647;
			files = (
				B08C46B32C87DE5000A940F2 /* ViewController.swift in Sources */,
				B08C46AF2C87DE5000A940F2 /* AppDelegate.swift in Sources */,
				B062439C2C94C2ED0071E125 /* infoViewCell.swift in Sources */,
				B062436A2C8FDCFF0071E125 /* ExcCollectionViewCell.swift in Sources */,
				B08C46C42C87E36000A940F2 /* MyCollectionViewCell.swift in Sources */,
				B06243902C94A91F0071E125 /* headerCell.swift in Sources */,
				B0E270CA2C9CAC3E00FE0A95 /* netWorkingProvider.swift in Sources */,
				B0E270CF2C9CACC000FE0A95 /* userData.swift in Sources */,
				B08ECFFC2C98AD44002A5B97 /* ejerciciosViewCell.swift in Sources */,
				B08ED0002C98B3B7002A5B97 /* ejercicioTableViewCell.swift in Sources */,
				B06243A02C94DE2A0071E125 /* rutinaTableViewCell.swift in Sources */,
				B015CF0B2C964A3C007ABFE4 /* semanaViewCell.swift in Sources */,
				B06243942C94B9E30071E125 /* rutinaViewCell.swift in Sources */,
				B08C46D12C88095300A940F2 /* myExcViewController.swift in Sources */,
				B08C46CE2C8805FE00A940F2 /* MyWeeksViewController.swift in Sources */,
				B08C46B12C87DE5000A940F2 /* SceneDelegate.swift in Sources */,
			);
			runOnlyForDeploymentPostprocessing = 0;
		};
/* End PBXSourcesBuildPhase section */

/* Begin PBXVariantGroup section */
		B08C46B42C87DE5000A940F2 /* Main.storyboard */ = {
			isa = PBXVariantGroup;
			children = (
				B08C46B52C87DE5000A940F2 /* Base */,
			);
			name = Main.storyboard;
			sourceTree = "<group>";
		};
		B08C46B92C87DE5900A940F2 /* LaunchScreen.storyboard */ = {
			isa = PBXVariantGroup;
			children = (
				B08C46BA2C87DE5900A940F2 /* Base */,
			);
			name = LaunchScreen.storyboard;
			sourceTree = "<group>";
		};
/* End PBXVariantGroup section */

/* Begin XCBuildConfiguration section */
		B08C46BD2C87DE5900A940F2 /* Debug */ = {
			isa = XCBuildConfiguration;
			buildSettings = {
				ALWAYS_SEARCH_USER_PATHS = NO;
				CLANG_ANALYZER_NONNULL = YES;
				CLANG_ANALYZER_NUMBER_OBJECT_CONVERSION = YES_AGGRESSIVE;
				CLANG_CXX_LANGUAGE_STANDARD = "gnu++17";
				CLANG_ENABLE_MODULES = YES;
				CLANG_ENABLE_OBJC_ARC = YES;
				CLANG_ENABLE_OBJC_WEAK = YES;
				CLANG_WARN_BLOCK_CAPTURE_AUTORELEASING = YES;
				CLANG_WARN_BOOL_CONVERSION = YES;
				CLANG_WARN_COMMA = YES;
				CLANG_WARN_CONSTANT_CONVERSION = YES;
				CLANG_WARN_DEPRECATED_OBJC_IMPLEMENTATIONS = YES;
				CLANG_WARN_DIRECT_OBJC_ISA_USAGE = YES_ERROR;
				CLANG_WARN_DOCUMENTATION_COMMENTS = YES;
				CLANG_WARN_EMPTY_BODY = YES;
				CLANG_WARN_ENUM_CONVERSION = YES;
				CLANG_WARN_INFINITE_RECURSION = YES;
				CLANG_WARN_INT_CONVERSION = YES;
				CLANG_WARN_NON_LITERAL_NULL_CONVERSION = YES;
				CLANG_WARN_OBJC_IMPLICIT_RETAIN_SELF = YES;
				CLANG_WARN_OBJC_LITERAL_CONVERSION = YES;
				CLANG_WARN_OBJC_ROOT_CLASS = YES_ERROR;
				CLANG_WARN_QUOTED_INCLUDE_IN_FRAMEWORK_HEADER = YES;
				CLANG_WARN_RANGE_LOOP_ANALYSIS = YES;
				CLANG_WARN_STRICT_PROTOTYPES = YES;
				CLANG_WARN_SUSPICIOUS_MOVE = YES;
				CLANG_WARN_UNGUARDED_AVAILABILITY = YES_AGGRESSIVE;
				CLANG_WARN_UNREACHABLE_CODE = YES;
				CLANG_WARN__DUPLICATE_METHOD_MATCH = YES;
				COPY_PHASE_STRIP = NO;
				DEBUG_INFORMATION_FORMAT = dwarf;
				ENABLE_STRICT_OBJC_MSGSEND = YES;
				ENABLE_TESTABILITY = YES;
				GCC_C_LANGUAGE_STANDARD = gnu11;
				GCC_DYNAMIC_NO_PIC = NO;
				GCC_NO_COMMON_BLOCKS = YES;
				GCC_OPTIMIZATION_LEVEL = 0;
				GCC_PREPROCESSOR_DEFINITIONS = (
					"DEBUG=1",
					"$(inherited)",
				);
				GCC_WARN_64_TO_32_BIT_CONVERSION = YES;
				GCC_WARN_ABOUT_RETURN_TYPE = YES_ERROR;
				GCC_WARN_UNDECLARED_SELECTOR = YES;
				GCC_WARN_UNINITIALIZED_AUTOS = YES_AGGRESSIVE;
				GCC_WARN_UNUSED_FUNCTION = YES;
				GCC_WARN_UNUSED_VARIABLE = YES;
				IPHONEOS_DEPLOYMENT_TARGET = 15.5;
				MTL_ENABLE_DEBUG_INFO = INCLUDE_SOURCE;
				MTL_FAST_MATH = YES;
				ONLY_ACTIVE_ARCH = YES;
				SDKROOT = iphoneos;
				SWIFT_ACTIVE_COMPILATION_CONDITIONS = DEBUG;
				SWIFT_OPTIMIZATION_LEVEL = "-Onone";
			};
			name = Debug;
		};
		B08C46BE2C87DE5900A940F2 /* Release */ = {
			isa = XCBuildConfiguration;
			buildSettings = {
				ALWAYS_SEARCH_USER_PATHS = NO;
				CLANG_ANALYZER_NONNULL = YES;
				CLANG_ANALYZER_NUMBER_OBJECT_CONVERSION = YES_AGGRESSIVE;
				CLANG_CXX_LANGUAGE_STANDARD = "gnu++17";
				CLANG_ENABLE_MODULES = YES;
				CLANG_ENABLE_OBJC_ARC = YES;
				CLANG_ENABLE_OBJC_WEAK = YES;
				CLANG_WARN_BLOCK_CAPTURE_AUTORELEASING = YES;
				CLANG_WARN_BOOL_CONVERSION = YES;
				CLANG_WARN_COMMA = YES;
				CLANG_WARN_CONSTANT_CONVERSION = YES;
				CLANG_WARN_DEPRECATED_OBJC_IMPLEMENTATIONS = YES;
				CLANG_WARN_DIRECT_OBJC_ISA_USAGE = YES_ERROR;
				CLANG_WARN_DOCUMENTATION_COMMENTS = YES;
				CLANG_WARN_EMPTY_BODY = YES;
				CLANG_WARN_ENUM_CONVERSION = YES;
				CLANG_WARN_INFINITE_RECURSION = YES;
				CLANG_WARN_INT_CONVERSION = YES;
				CLANG_WARN_NON_LITERAL_NULL_CONVERSION = YES;
				CLANG_WARN_OBJC_IMPLICIT_RETAIN_SELF = YES;
				CLANG_WARN_OBJC_LITERAL_CONVERSION = YES;
				CLANG_WARN_OBJC_ROOT_CLASS = YES_ERROR;
				CLANG_WARN_QUOTED_INCLUDE_IN_FRAMEWORK_HEADER = YES;
				CLANG_WARN_RANGE_LOOP_ANALYSIS = YES;
				CLANG_WARN_STRICT_PROTOTYPES = YES;
				CLANG_WARN_SUSPICIOUS_MOVE = YES;
				CLANG_WARN_UNGUARDED_AVAILABILITY = YES_AGGRESSIVE;
				CLANG_WARN_UNREACHABLE_CODE = YES;
				CLANG_WARN__DUPLICATE_METHOD_MATCH = YES;
				COPY_PHASE_STRIP = NO;
				DEBUG_INFORMATION_FORMAT = "dwarf-with-dsym";
				ENABLE_NS_ASSERTIONS = NO;
				ENABLE_STRICT_OBJC_MSGSEND = YES;
				GCC_C_LANGUAGE_STANDARD = gnu11;
				GCC_NO_COMMON_BLOCKS = YES;
				GCC_WARN_64_TO_32_BIT_CONVERSION = YES;
				GCC_WARN_ABOUT_RETURN_TYPE = YES_ERROR;
				GCC_WARN_UNDECLARED_SELECTOR = YES;
				GCC_WARN_UNINITIALIZED_AUTOS = YES_AGGRESSIVE;
				GCC_WARN_UNUSED_FUNCTION = YES;
				GCC_WARN_UNUSED_VARIABLE = YES;
				IPHONEOS_DEPLOYMENT_TARGET = 15.5;
				MTL_ENABLE_DEBUG_INFO = NO;
				MTL_FAST_MATH = YES;
				SDKROOT = iphoneos;
				SWIFT_COMPILATION_MODE = wholemodule;
				SWIFT_OPTIMIZATION_LEVEL = "-O";
				VALIDATE_PRODUCT = YES;
			};
			name = Release;
		};
		B08C46C02C87DE5900A940F2 /* Debug */ = {
			isa = XCBuildConfiguration;
			buildSettings = {
				ASSETCATALOG_COMPILER_APPICON_NAME = AppIcon;
				ASSETCATALOG_COMPILER_GLOBAL_ACCENT_COLOR_NAME = AccentColor;
				CODE_SIGN_STYLE = Automatic;
				CURRENT_PROJECT_VERSION = 1;
				DEVELOPMENT_TEAM = 2F94H72F3K;
				GENERATE_INFOPLIST_FILE = YES;
				INFOPLIST_FILE = ColeccionView/Info.plist;
				INFOPLIST_KEY_CFBundleDisplayName = ColeccionView;
				INFOPLIST_KEY_UIApplicationSupportsIndirectInputEvents = YES;
				INFOPLIST_KEY_UILaunchStoryboardName = LaunchScreen;
				INFOPLIST_KEY_UIMainStoryboardFile = Main;
				INFOPLIST_KEY_UISupportedInterfaceOrientations_iPad = "UIInterfaceOrientationPortrait UIInterfaceOrientationPortraitUpsideDown UIInterfaceOrientationLandscapeLeft UIInterfaceOrientationLandscapeRight";
				INFOPLIST_KEY_UISupportedInterfaceOrientations_iPhone = "UIInterfaceOrientationPortrait UIInterfaceOrientationLandscapeLeft UIInterfaceOrientationLandscapeRight";
				LD_RUNPATH_SEARCH_PATHS = (
					"$(inherited)",
					"@executable_path/Frameworks",
				);
				MARKETING_VERSION = 1.0;
				PRODUCT_BUNDLE_IDENTIFIER = com.pgallo.ColeccionView;
				PRODUCT_NAME = "$(TARGET_NAME)";
				SWIFT_EMIT_LOC_STRINGS = YES;
				SWIFT_VERSION = 5.0;
				TARGETED_DEVICE_FAMILY = "1,2";
			};
			name = Debug;
		};
		B08C46C12C87DE5900A940F2 /* Release */ = {
			isa = XCBuildConfiguration;
			buildSettings = {
				ASSETCATALOG_COMPILER_APPICON_NAME = AppIcon;
				ASSETCATALOG_COMPILER_GLOBAL_ACCENT_COLOR_NAME = AccentColor;
				CODE_SIGN_STYLE = Automatic;
				CURRENT_PROJECT_VERSION = 1;
				DEVELOPMENT_TEAM = 2F94H72F3K;
				GENERATE_INFOPLIST_FILE = YES;
				INFOPLIST_FILE = ColeccionView/Info.plist;
				INFOPLIST_KEY_CFBundleDisplayName = ColeccionView;
				INFOPLIST_KEY_UIApplicationSupportsIndirectInputEvents = YES;
				INFOPLIST_KEY_UILaunchStoryboardName = LaunchScreen;
				INFOPLIST_KEY_UIMainStoryboardFile = Main;
				INFOPLIST_KEY_UISupportedInterfaceOrientations_iPad = "UIInterfaceOrientationPortrait UIInterfaceOrientationPortraitUpsideDown UIInterfaceOrientationLandscapeLeft UIInterfaceOrientationLandscapeRight";
				INFOPLIST_KEY_UISupportedInterfaceOrientations_iPhone = "UIInterfaceOrientationPortrait UIInterfaceOrientationLandscapeLeft UIInterfaceOrientationLandscapeRight";
				LD_RUNPATH_SEARCH_PATHS = (
					"$(inherited)",
					"@executable_path/Frameworks",
				);
				MARKETING_VERSION = 1.0;
				PRODUCT_BUNDLE_IDENTIFIER = com.pgallo.ColeccionView;
				PRODUCT_NAME = "$(TARGET_NAME)";
				SWIFT_EMIT_LOC_STRINGS = YES;
				SWIFT_VERSION = 5.0;
				TARGETED_DEVICE_FAMILY = "1,2";
			};
			name = Release;
		};
/* End XCBuildConfiguration section */

/* Begin XCConfigurationList section */
		B08C46A62C87DE5000A940F2 /* Build configuration list for PBXProject "ColeccionView" */ = {
			isa = XCConfigurationList;
			buildConfigurations = (
				B08C46BD2C87DE5900A940F2 /* Debug */,
				B08C46BE2C87DE5900A940F2 /* Release */,
			);
			defaultConfigurationIsVisible = 0;
			defaultConfigurationName = Release;
		};
		B08C46BF2C87DE5900A940F2 /* Build configuration list for PBXNativeTarget "ColeccionView" */ = {
			isa = XCConfigurationList;
			buildConfigurations = (
				B08C46C02C87DE5900A940F2 /* Debug */,
				B08C46C12C87DE5900A940F2 /* Release */,
			);
			defaultConfigurationIsVisible = 0;
			defaultConfigurationName = Release;
		};
/* End XCConfigurationList section */

/* Begin XCRemoteSwiftPackageReference section */
		B0E270CB2C9CACA100FE0A95 /* XCRemoteSwiftPackageReference "Alamofire" */ = {
			isa = XCRemoteSwiftPackageReference;
			repositoryURL = "https://github.com/Alamofire/Alamofire.git";
			requirement = {
				kind = upToNextMajorVersion;
				minimumVersion = 5.0.0;
			};
		};
/* End XCRemoteSwiftPackageReference section */

/* Begin XCSwiftPackageProductDependency section */
		B0E270CC2C9CACA100FE0A95 /* Alamofire */ = {
			isa = XCSwiftPackageProductDependency;
			package = B0E270CB2C9CACA100FE0A95 /* XCRemoteSwiftPackageReference "Alamofire" */;
			productName = Alamofire;
		};
/* End XCSwiftPackageProductDependency section */
	};
	rootObject = B08C46A32C87DE5000A940F2 /* Project object */;
}
